
Microsoft Visual Studio Solution File, Format Version 12.00
# Visual Studio Version 17
VisualStudioVersion = 17.11.35327.3
MinimumVisualStudioVersion = 10.0.40219.1
Project("{8BC9CEB8-8B4A-11D0-8D11-00A0C91BC942}") = "LinkedList", "LinkedList\LinkedList.vcxproj", "{23DC98B2-029E-48ED-8042-2F6B61609B42}"
EndProject
Project("{8BC9CEB8-8B4A-11D0-8D11-00A0C91BC942}") = "02_SinglyLinkedList", "SinglyLinkedList\SinglyLinkedList.vcxproj", "{2FF08C90-13C0-48AD-875C-A4B0E0F6242C}"
EndProject
Project("{8BC9CEB8-8B4A-11D0-8D11-00A0C91BC942}") = "DoublyLinkedList", "DoublyLinkedList\DoublyLinkedList.vcxproj", "{E7AC26A7-1C72-4755-9C15-16C57EF43BC1}"
EndProject
Project("{8BC9CEB8-8B4A-11D0-8D11-00A0C91BC942}") = "CircularSinglyLinked", "Circular Singly Linked\Circular Singly Linked.vcxproj", "{02EF4295-7D08-4365-999F-57947CA535F7}"
EndProject
Project("{8BC9CEB8-8B4A-11D0-8D11-00A0C91BC942}") = "05_CircularDoublyLinkedList", "CircularDoublyLinkedList\CircularDoublyLinkedList.vcxproj", "{82092F6A-C91C-40C7-90E0-CF95AC1F20F5}"
EndProject
Project("{8BC9CEB8-8B4A-11D0-8D11-00A0C91BC942}") = "LowestValueinLinked List", "LowestValueinLinked List\LowestValueinLinked List.vcxproj", "{0C65DD3D-930D-409A-9AFD-EB9489F67765}"
EndProject
Project("{8BC9CEB8-8B4A-11D0-8D11-00A0C91BC942}") = "DeleteNodeinLinkedList", "DeleteNodeinLinkedList\DeleteNodeinLinkedList.vcxproj", "{F4D74A00-63B9-42C7-BCA1-9A12B3BA5397}"
EndProject
Project("{8BC9CEB8-8B4A-11D0-8D11-00A0C91BC942}") = "InsertNodeLinked List", "InsertNodeLinked List\InsertNodeLinked List.vcxproj", "{F2DDB3AD-CB25-4F62-AC44-13392C197599}"
EndProject
Project("{8BC9CEB8-8B4A-11D0-8D11-00A0C91BC942}") = "StackUsingArrays", "StackUsingArrays\StackUsingArrays.vcxproj", "{68B3E9EA-1648-41FE-BF9A-4D7FAEB29EB4}"
EndProject
Project("{8BC9CEB8-8B4A-11D0-8D11-00A0C91BC942}") = "StackUsingLinked Lists", "StackUsingLinked Lists\StackUsingLinked Lists.vcxproj", "{9973525B-D3B1-46A3-B658-ECE579073612}"
EndProject
Project("{8BC9CEB8-8B4A-11D0-8D11-00A0C91BC942}") = "QueueImplementationArrays", "QueueImplementationArrays\QueueImplementationArrays.vcxproj", "{B606A9D3-FC4C-4495-9A71-DC981FD55ED8}"
EndProject
Project("{8BC9CEB8-8B4A-11D0-8D11-00A0C91BC942}") = "QueueImplementationLinkedLists", "QueueImplementationLinkedLists\QueueImplementationLinkedLists.vcxproj", "{8712172A-E9C9-49B5-8F34-3D6A2B8EDC7E}"
EndProject
Project("{8BC9CEB8-8B4A-11D0-8D11-00A0C91BC942}") = "HashSet", "HashSet\HashSet.vcxproj", "{F1111A16-CD39-49E0-969D-FA948FB1CB63}"
EndProject
Project("{8BC9CEB8-8B4A-11D0-8D11-00A0C91BC942}") = "HashSetExtended", "HashSetExtended\HashSetExtended.vcxproj", "{7AEE82FE-A111-4BC4-8A14-6B5494AE8F29}"
EndProject
Project("{8BC9CEB8-8B4A-11D0-8D11-00A0C91BC942}") = "HashMap", "HashMap\HashMap.vcxproj", "{AA0B6F5E-8DA8-42BD-BE6C-8A160678A20B}"
EndProject
Project("{8BC9CEB8-8B4A-11D0-8D11-00A0C91BC942}") = "11_TreeNodes", "TreeNodes\TreeNodes.vcxproj", "{3049B022-EB68-42B6-B7D6-7DE59A3E5DCA}"
EndProject
Project("{8BC9CEB8-8B4A-11D0-8D11-00A0C91BC942}") = "12_preOrderTraversal", "preOrderTraversal\preOrderTraversal.vcxproj", "{13128E9F-76FE-4712-BFB6-1FD3E81D8AF6}"
EndProject
Project("{8BC9CEB8-8B4A-11D0-8D11-00A0C91BC942}") = "13_InOrderTraversal", "InorderTraversal\InorderTraversal.vcxproj", "{1BECC031-9E5C-42F2-8555-CC6F770D8656}"
EndProject
Project("{8BC9CEB8-8B4A-11D0-8D11-00A0C91BC942}") = "14_PostOrderTraversal", "PostOrderTraversal\PostOrderTraversal.vcxproj", "{B08DA8E4-B1D8-4646-AE38-3355A218691F}"
EndProject
Project("{8BC9CEB8-8B4A-11D0-8D11-00A0C91BC942}") = "16_BinaryTreeArray", "BinaryTreeArray\BinaryTreeArray.vcxproj", "{F069E289-380E-4235-BF1B-2A3F92C44B17}"
EndProject
Project("{8BC9CEB8-8B4A-11D0-8D11-00A0C91BC942}") = "15_TraversalBST", "TraversalBST\TraversalBST.vcxproj", "{5A559E54-B2E1-4E31-8830-8D5EC089077E}"
EndProject
Project("{8BC9CEB8-8B4A-11D0-8D11-00A0C91BC942}") = "17_SearchValueBST", "SearchValueBST\SearchValueBST.vcxproj", "{2462149C-7409-4BA7-BACA-0FCE6733587D}"
EndProject
Project("{8BC9CEB8-8B4A-11D0-8D11-00A0C91BC942}") = "18_InsertNodeBST", "8_InsertNodeBST\8_InsertNodeBST.vcxproj", "{6DCA4712-0D93-4D55-9867-A7A7739E60D2}"
EndProject
Project("{8BC9CEB8-8B4A-11D0-8D11-00A0C91BC942}") = "19_MinValueBST", "MinValueBST\MinValueBST.vcxproj", "{CF7C6525-0DFA-486B-A091-5FD4B8B83276}"
EndProject
Project("{8BC9CEB8-8B4A-11D0-8D11-00A0C91BC942}") = "MaxValueBST", "MaxValueBST\MaxValueBST.vcxproj", "{162A1F02-A331-4682-87C4-45B396A5C889}"
EndProject
Project("{8BC9CEB8-8B4A-11D0-8D11-00A0C91BC942}") = "DeleteNodeBST", "DeleteNodeBST\DeleteNodeBST.vcxproj", "{CCE20D30-BF7A-461F-A096-92E3CAFAF1C5}"
EndProject
Project("{8BC9CEB8-8B4A-11D0-8D11-00A0C91BC942}") = "21_GraphImplementation", "21_GraphImplementation\21_GraphImplementation.vcxproj", "{1DBC1FFA-210E-4793-B800-533754B8135B}"
EndProject
Project("{8BC9CEB8-8B4A-11D0-8D11-00A0C91BC942}") = "22_GraphImplementationUsingClasses", "22_GraphImplementationUsingClasses\22_GraphImplementationUsingClasses.vcxproj", "{B0CCD29E-29F9-491C-9CFA-FF4CF6DF5230}"
EndProject
Project("{8BC9CEB8-8B4A-11D0-8D11-00A0C91BC942}") = "23_DirectedWeightedGraphs", "23_DirectedWeightedGraphs\23_DirectedWeightedGraphs.vcxproj", "{313F9064-2C24-48FB-B575-11E9FDFFA834}"
EndProject
Project("{8BC9CEB8-8B4A-11D0-8D11-00A0C91BC942}") = "24_DepthFirstSearchTraversal", "24_DepthFirstSearchTraversal\24_DepthFirstSearchTraversal.vcxproj", "{18BCD834-65E9-4016-9633-530600E770F6}"
EndProject
Project("{8BC9CEB8-8B4A-11D0-8D11-00A0C91BC942}") = "25_BreadthFirstSearchTraversal", "25_BreadthFirstSearchTraversal\25_BreadthFirstSearchTraversal.vcxproj", "{7EB28CED-C1E9-4FB0-AF8F-77FC6C0A41E5}"
EndProject
Project("{8BC9CEB8-8B4A-11D0-8D11-00A0C91BC942}") = "26_DFSCycleDetectionUndirectedGraphs", "27_DFSCycleDetectionUndirectedGraphs\27_DFSCycleDetectionUndirectedGraphs.vcxproj", "{45D2873F-EA16-4824-A2DC-C3C6564FC4DD}"
EndProject
Project("{8BC9CEB8-8B4A-11D0-8D11-00A0C91BC942}") = "27_DFSCyclcleDetectionDirectedGraphs", "27_DFSCyclcleDetectionDirectedGraphs\27_DFSCyclcleDetectionDirectedGraphs.vcxproj", "{6229D6DB-5098-46A9-9001-4F79E226EC05}"
EndProject
Global
	GlobalSection(SolutionConfigurationPlatforms) = preSolution
		Debug|x64 = Debug|x64
		Debug|x86 = Debug|x86
		Release|x64 = Release|x64
		Release|x86 = Release|x86
	EndGlobalSection
	GlobalSection(ProjectConfigurationPlatforms) = postSolution
		{23DC98B2-029E-48ED-8042-2F6B61609B42}.Debug|x64.ActiveCfg = Debug|x64
		{23DC98B2-029E-48ED-8042-2F6B61609B42}.Debug|x64.Build.0 = Debug|x64
		{23DC98B2-029E-48ED-8042-2F6B61609B42}.Debug|x86.ActiveCfg = Debug|Win32
		{23DC98B2-029E-48ED-8042-2F6B61609B42}.Debug|x86.Build.0 = Debug|Win32
		{23DC98B2-029E-48ED-8042-2F6B61609B42}.Release|x64.ActiveCfg = Release|x64
		{23DC98B2-029E-48ED-8042-2F6B61609B42}.Release|x64.Build.0 = Release|x64
		{23DC98B2-029E-48ED-8042-2F6B61609B42}.Release|x86.ActiveCfg = Release|Win32
		{23DC98B2-029E-48ED-8042-2F6B61609B42}.Release|x86.Build.0 = Release|Win32
		{2FF08C90-13C0-48AD-875C-A4B0E0F6242C}.Debug|x64.ActiveCfg = Debug|x64
		{2FF08C90-13C0-48AD-875C-A4B0E0F6242C}.Debug|x64.Build.0 = Debug|x64
		{2FF08C90-13C0-48AD-875C-A4B0E0F6242C}.Debug|x86.ActiveCfg = Debug|Win32
		{2FF08C90-13C0-48AD-875C-A4B0E0F6242C}.Debug|x86.Build.0 = Debug|Win32
		{2FF08C90-13C0-48AD-875C-A4B0E0F6242C}.Release|x64.ActiveCfg = Release|x64
		{2FF08C90-13C0-48AD-875C-A4B0E0F6242C}.Release|x64.Build.0 = Release|x64
		{2FF08C90-13C0-48AD-875C-A4B0E0F6242C}.Release|x86.ActiveCfg = Release|Win32
		{2FF08C90-13C0-48AD-875C-A4B0E0F6242C}.Release|x86.Build.0 = Release|Win32
		{E7AC26A7-1C72-4755-9C15-16C57EF43BC1}.Debug|x64.ActiveCfg = Debug|x64
		{E7AC26A7-1C72-4755-9C15-16C57EF43BC1}.Debug|x64.Build.0 = Debug|x64
		{E7AC26A7-1C72-4755-9C15-16C57EF43BC1}.Debug|x86.ActiveCfg = Debug|Win32
		{E7AC26A7-1C72-4755-9C15-16C57EF43BC1}.Debug|x86.Build.0 = Debug|Win32
		{E7AC26A7-1C72-4755-9C15-16C57EF43BC1}.Release|x64.ActiveCfg = Release|x64
		{E7AC26A7-1C72-4755-9C15-16C57EF43BC1}.Release|x64.Build.0 = Release|x64
		{E7AC26A7-1C72-4755-9C15-16C57EF43BC1}.Release|x86.ActiveCfg = Release|Win32
		{E7AC26A7-1C72-4755-9C15-16C57EF43BC1}.Release|x86.Build.0 = Release|Win32
		{02EF4295-7D08-4365-999F-57947CA535F7}.Debug|x64.ActiveCfg = Debug|x64
		{02EF4295-7D08-4365-999F-57947CA535F7}.Debug|x64.Build.0 = Debug|x64
		{02EF4295-7D08-4365-999F-57947CA535F7}.Debug|x86.ActiveCfg = Debug|Win32
		{02EF4295-7D08-4365-999F-57947CA535F7}.Debug|x86.Build.0 = Debug|Win32
		{02EF4295-7D08-4365-999F-57947CA535F7}.Release|x64.ActiveCfg = Release|x64
		{02EF4295-7D08-4365-999F-57947CA535F7}.Release|x64.Build.0 = Release|x64
		{02EF4295-7D08-4365-999F-57947CA535F7}.Release|x86.ActiveCfg = Release|Win32
		{02EF4295-7D08-4365-999F-57947CA535F7}.Release|x86.Build.0 = Release|Win32
		{82092F6A-C91C-40C7-90E0-CF95AC1F20F5}.Debug|x64.ActiveCfg = Debug|x64
		{82092F6A-C91C-40C7-90E0-CF95AC1F20F5}.Debug|x64.Build.0 = Debug|x64
		{82092F6A-C91C-40C7-90E0-CF95AC1F20F5}.Debug|x86.ActiveCfg = Debug|Win32
		{82092F6A-C91C-40C7-90E0-CF95AC1F20F5}.Debug|x86.Build.0 = Debug|Win32
		{82092F6A-C91C-40C7-90E0-CF95AC1F20F5}.Release|x64.ActiveCfg = Release|x64
		{82092F6A-C91C-40C7-90E0-CF95AC1F20F5}.Release|x64.Build.0 = Release|x64
		{82092F6A-C91C-40C7-90E0-CF95AC1F20F5}.Release|x86.ActiveCfg = Release|Win32
		{82092F6A-C91C-40C7-90E0-CF95AC1F20F5}.Release|x86.Build.0 = Release|Win32
		{0C65DD3D-930D-409A-9AFD-EB9489F67765}.Debug|x64.ActiveCfg = Debug|x64
		{0C65DD3D-930D-409A-9AFD-EB9489F67765}.Debug|x64.Build.0 = Debug|x64
		{0C65DD3D-930D-409A-9AFD-EB9489F67765}.Debug|x86.ActiveCfg = Debug|Win32
		{0C65DD3D-930D-409A-9AFD-EB9489F67765}.Debug|x86.Build.0 = Debug|Win32
		{0C65DD3D-930D-409A-9AFD-EB9489F67765}.Release|x64.ActiveCfg = Release|x64
		{0C65DD3D-930D-409A-9AFD-EB9489F67765}.Release|x64.Build.0 = Release|x64
		{0C65DD3D-930D-409A-9AFD-EB9489F67765}.Release|x86.ActiveCfg = Release|Win32
		{0C65DD3D-930D-409A-9AFD-EB9489F67765}.Release|x86.Build.0 = Release|Win32
		{F4D74A00-63B9-42C7-BCA1-9A12B3BA5397}.Debug|x64.ActiveCfg = Debug|x64
		{F4D74A00-63B9-42C7-BCA1-9A12B3BA5397}.Debug|x64.Build.0 = Debug|x64
		{F4D74A00-63B9-42C7-BCA1-9A12B3BA5397}.Debug|x86.ActiveCfg = Debug|Win32
		{F4D74A00-63B9-42C7-BCA1-9A12B3BA5397}.Debug|x86.Build.0 = Debug|Win32
		{F4D74A00-63B9-42C7-BCA1-9A12B3BA5397}.Release|x64.ActiveCfg = Release|x64
		{F4D74A00-63B9-42C7-BCA1-9A12B3BA5397}.Release|x64.Build.0 = Release|x64
		{F4D74A00-63B9-42C7-BCA1-9A12B3BA5397}.Release|x86.ActiveCfg = Release|Win32
		{F4D74A00-63B9-42C7-BCA1-9A12B3BA5397}.Release|x86.Build.0 = Release|Win32
		{F2DDB3AD-CB25-4F62-AC44-13392C197599}.Debug|x64.ActiveCfg = Debug|x64
		{F2DDB3AD-CB25-4F62-AC44-13392C197599}.Debug|x64.Build.0 = Debug|x64
		{F2DDB3AD-CB25-4F62-AC44-13392C197599}.Debug|x86.ActiveCfg = Debug|Win32
		{F2DDB3AD-CB25-4F62-AC44-13392C197599}.Debug|x86.Build.0 = Debug|Win32
		{F2DDB3AD-CB25-4F62-AC44-13392C197599}.Release|x64.ActiveCfg = Release|x64
		{F2DDB3AD-CB25-4F62-AC44-13392C197599}.Release|x64.Build.0 = Release|x64
		{F2DDB3AD-CB25-4F62-AC44-13392C197599}.Release|x86.ActiveCfg = Release|Win32
		{F2DDB3AD-CB25-4F62-AC44-13392C197599}.Release|x86.Build.0 = Release|Win32
		{68B3E9EA-1648-41FE-BF9A-4D7FAEB29EB4}.Debug|x64.ActiveCfg = Debug|x64
		{68B3E9EA-1648-41FE-BF9A-4D7FAEB29EB4}.Debug|x64.Build.0 = Debug|x64
		{68B3E9EA-1648-41FE-BF9A-4D7FAEB29EB4}.Debug|x86.ActiveCfg = Debug|Win32
		{68B3E9EA-1648-41FE-BF9A-4D7FAEB29EB4}.Debug|x86.Build.0 = Debug|Win32
		{68B3E9EA-1648-41FE-BF9A-4D7FAEB29EB4}.Release|x64.ActiveCfg = Release|x64
		{68B3E9EA-1648-41FE-BF9A-4D7FAEB29EB4}.Release|x64.Build.0 = Release|x64
		{68B3E9EA-1648-41FE-BF9A-4D7FAEB29EB4}.Release|x86.ActiveCfg = Release|Win32
		{68B3E9EA-1648-41FE-BF9A-4D7FAEB29EB4}.Release|x86.Build.0 = Release|Win32
		{9973525B-D3B1-46A3-B658-ECE579073612}.Debug|x64.ActiveCfg = Debug|x64
		{9973525B-D3B1-46A3-B658-ECE579073612}.Debug|x64.Build.0 = Debug|x64
		{9973525B-D3B1-46A3-B658-ECE579073612}.Debug|x86.ActiveCfg = Debug|Win32
		{9973525B-D3B1-46A3-B658-ECE579073612}.Debug|x86.Build.0 = Debug|Win32
		{9973525B-D3B1-46A3-B658-ECE579073612}.Release|x64.ActiveCfg = Release|x64
		{9973525B-D3B1-46A3-B658-ECE579073612}.Release|x64.Build.0 = Release|x64
		{9973525B-D3B1-46A3-B658-ECE579073612}.Release|x86.ActiveCfg = Release|Win32
		{9973525B-D3B1-46A3-B658-ECE579073612}.Release|x86.Build.0 = Release|Win32
		{B606A9D3-FC4C-4495-9A71-DC981FD55ED8}.Debug|x64.ActiveCfg = Debug|x64
		{B606A9D3-FC4C-4495-9A71-DC981FD55ED8}.Debug|x64.Build.0 = Debug|x64
		{B606A9D3-FC4C-4495-9A71-DC981FD55ED8}.Debug|x86.ActiveCfg = Debug|Win32
		{B606A9D3-FC4C-4495-9A71-DC981FD55ED8}.Debug|x86.Build.0 = Debug|Win32
		{B606A9D3-FC4C-4495-9A71-DC981FD55ED8}.Release|x64.ActiveCfg = Release|x64
		{B606A9D3-FC4C-4495-9A71-DC981FD55ED8}.Release|x64.Build.0 = Release|x64
		{B606A9D3-FC4C-4495-9A71-DC981FD55ED8}.Release|x86.ActiveCfg = Release|Win32
		{B606A9D3-FC4C-4495-9A71-DC981FD55ED8}.Release|x86.Build.0 = Release|Win32
		{8712172A-E9C9-49B5-8F34-3D6A2B8EDC7E}.Debug|x64.ActiveCfg = Debug|x64
		{8712172A-E9C9-49B5-8F34-3D6A2B8EDC7E}.Debug|x64.Build.0 = Debug|x64
		{8712172A-E9C9-49B5-8F34-3D6A2B8EDC7E}.Debug|x86.ActiveCfg = Debug|Win32
		{8712172A-E9C9-49B5-8F34-3D6A2B8EDC7E}.Debug|x86.Build.0 = Debug|Win32
		{8712172A-E9C9-49B5-8F34-3D6A2B8EDC7E}.Release|x64.ActiveCfg = Release|x64
		{8712172A-E9C9-49B5-8F34-3D6A2B8EDC7E}.Release|x64.Build.0 = Release|x64
		{8712172A-E9C9-49B5-8F34-3D6A2B8EDC7E}.Release|x86.ActiveCfg = Release|Win32
		{8712172A-E9C9-49B5-8F34-3D6A2B8EDC7E}.Release|x86.Build.0 = Release|Win32
		{F1111A16-CD39-49E0-969D-FA948FB1CB63}.Debug|x64.ActiveCfg = Debug|x64
		{F1111A16-CD39-49E0-969D-FA948FB1CB63}.Debug|x64.Build.0 = Debug|x64
		{F1111A16-CD39-49E0-969D-FA948FB1CB63}.Debug|x86.ActiveCfg = Debug|Win32
		{F1111A16-CD39-49E0-969D-FA948FB1CB63}.Debug|x86.Build.0 = Debug|Win32
		{F1111A16-CD39-49E0-969D-FA948FB1CB63}.Release|x64.ActiveCfg = Release|x64
		{F1111A16-CD39-49E0-969D-FA948FB1CB63}.Release|x64.Build.0 = Release|x64
		{F1111A16-CD39-49E0-969D-FA948FB1CB63}.Release|x86.ActiveCfg = Release|Win32
		{F1111A16-CD39-49E0-969D-FA948FB1CB63}.Release|x86.Build.0 = Release|Win32
		{7AEE82FE-A111-4BC4-8A14-6B5494AE8F29}.Debug|x64.ActiveCfg = Debug|x64
		{7AEE82FE-A111-4BC4-8A14-6B5494AE8F29}.Debug|x64.Build.0 = Debug|x64
		{7AEE82FE-A111-4BC4-8A14-6B5494AE8F29}.Debug|x86.ActiveCfg = Debug|Win32
		{7AEE82FE-A111-4BC4-8A14-6B5494AE8F29}.Debug|x86.Build.0 = Debug|Win32
		{7AEE82FE-A111-4BC4-8A14-6B5494AE8F29}.Release|x64.ActiveCfg = Release|x64
		{7AEE82FE-A111-4BC4-8A14-6B5494AE8F29}.Release|x64.Build.0 = Release|x64
		{7AEE82FE-A111-4BC4-8A14-6B5494AE8F29}.Release|x86.ActiveCfg = Release|Win32
		{7AEE82FE-A111-4BC4-8A14-6B5494AE8F29}.Release|x86.Build.0 = Release|Win32
		{AA0B6F5E-8DA8-42BD-BE6C-8A160678A20B}.Debug|x64.ActiveCfg = Debug|x64
		{AA0B6F5E-8DA8-42BD-BE6C-8A160678A20B}.Debug|x64.Build.0 = Debug|x64
		{AA0B6F5E-8DA8-42BD-BE6C-8A160678A20B}.Debug|x86.ActiveCfg = Debug|Win32
		{AA0B6F5E-8DA8-42BD-BE6C-8A160678A20B}.Debug|x86.Build.0 = Debug|Win32
		{AA0B6F5E-8DA8-42BD-BE6C-8A160678A20B}.Release|x64.ActiveCfg = Release|x64
		{AA0B6F5E-8DA8-42BD-BE6C-8A160678A20B}.Release|x64.Build.0 = Release|x64
		{AA0B6F5E-8DA8-42BD-BE6C-8A160678A20B}.Release|x86.ActiveCfg = Release|Win32
		{AA0B6F5E-8DA8-42BD-BE6C-8A160678A20B}.Release|x86.Build.0 = Release|Win32
		{3049B022-EB68-42B6-B7D6-7DE59A3E5DCA}.Debug|x64.ActiveCfg = Debug|x64
		{3049B022-EB68-42B6-B7D6-7DE59A3E5DCA}.Debug|x64.Build.0 = Debug|x64
		{3049B022-EB68-42B6-B7D6-7DE59A3E5DCA}.Debug|x86.ActiveCfg = Debug|Win32
		{3049B022-EB68-42B6-B7D6-7DE59A3E5DCA}.Debug|x86.Build.0 = Debug|Win32
		{3049B022-EB68-42B6-B7D6-7DE59A3E5DCA}.Release|x64.ActiveCfg = Release|x64
		{3049B022-EB68-42B6-B7D6-7DE59A3E5DCA}.Release|x64.Build.0 = Release|x64
		{3049B022-EB68-42B6-B7D6-7DE59A3E5DCA}.Release|x86.ActiveCfg = Release|Win32
		{3049B022-EB68-42B6-B7D6-7DE59A3E5DCA}.Release|x86.Build.0 = Release|Win32
		{13128E9F-76FE-4712-BFB6-1FD3E81D8AF6}.Debug|x64.ActiveCfg = Debug|x64
		{13128E9F-76FE-4712-BFB6-1FD3E81D8AF6}.Debug|x64.Build.0 = Debug|x64
		{13128E9F-76FE-4712-BFB6-1FD3E81D8AF6}.Debug|x86.ActiveCfg = Debug|Win32
		{13128E9F-76FE-4712-BFB6-1FD3E81D8AF6}.Debug|x86.Build.0 = Debug|Win32
		{13128E9F-76FE-4712-BFB6-1FD3E81D8AF6}.Release|x64.ActiveCfg = Release|x64
		{13128E9F-76FE-4712-BFB6-1FD3E81D8AF6}.Release|x64.Build.0 = Release|x64
		{13128E9F-76FE-4712-BFB6-1FD3E81D8AF6}.Release|x86.ActiveCfg = Release|Win32
		{13128E9F-76FE-4712-BFB6-1FD3E81D8AF6}.Release|x86.Build.0 = Release|Win32
		{1BECC031-9E5C-42F2-8555-CC6F770D8656}.Debug|x64.ActiveCfg = Debug|x64
		{1BECC031-9E5C-42F2-8555-CC6F770D8656}.Debug|x64.Build.0 = Debug|x64
		{1BECC031-9E5C-42F2-8555-CC6F770D8656}.Debug|x86.ActiveCfg = Debug|Win32
		{1BECC031-9E5C-42F2-8555-CC6F770D8656}.Debug|x86.Build.0 = Debug|Win32
		{1BECC031-9E5C-42F2-8555-CC6F770D8656}.Release|x64.ActiveCfg = Release|x64
		{1BECC031-9E5C-42F2-8555-CC6F770D8656}.Release|x64.Build.0 = Release|x64
		{1BECC031-9E5C-42F2-8555-CC6F770D8656}.Release|x86.ActiveCfg = Release|Win32
		{1BECC031-9E5C-42F2-8555-CC6F770D8656}.Release|x86.Build.0 = Release|Win32
		{B08DA8E4-B1D8-4646-AE38-3355A218691F}.Debug|x64.ActiveCfg = Debug|x64
		{B08DA8E4-B1D8-4646-AE38-3355A218691F}.Debug|x64.Build.0 = Debug|x64
		{B08DA8E4-B1D8-4646-AE38-3355A218691F}.Debug|x86.ActiveCfg = Debug|Win32
		{B08DA8E4-B1D8-4646-AE38-3355A218691F}.Debug|x86.Build.0 = Debug|Win32
		{B08DA8E4-B1D8-4646-AE38-3355A218691F}.Release|x64.ActiveCfg = Release|x64
		{B08DA8E4-B1D8-4646-AE38-3355A218691F}.Release|x64.Build.0 = Release|x64
		{B08DA8E4-B1D8-4646-AE38-3355A218691F}.Release|x86.ActiveCfg = Release|Win32
		{B08DA8E4-B1D8-4646-AE38-3355A218691F}.Release|x86.Build.0 = Release|Win32
		{F069E289-380E-4235-BF1B-2A3F92C44B17}.Debug|x64.ActiveCfg = Debug|x64
		{F069E289-380E-4235-BF1B-2A3F92C44B17}.Debug|x64.Build.0 = Debug|x64
		{F069E289-380E-4235-BF1B-2A3F92C44B17}.Debug|x86.ActiveCfg = Debug|Win32
		{F069E289-380E-4235-BF1B-2A3F92C44B17}.Debug|x86.Build.0 = Debug|Win32
		{F069E289-380E-4235-BF1B-2A3F92C44B17}.Release|x64.ActiveCfg = Release|x64
		{F069E289-380E-4235-BF1B-2A3F92C44B17}.Release|x64.Build.0 = Release|x64
		{F069E289-380E-4235-BF1B-2A3F92C44B17}.Release|x86.ActiveCfg = Release|Win32
		{F069E289-380E-4235-BF1B-2A3F92C44B17}.Release|x86.Build.0 = Release|Win32
		{5A559E54-B2E1-4E31-8830-8D5EC089077E}.Debug|x64.ActiveCfg = Debug|x64
		{5A559E54-B2E1-4E31-8830-8D5EC089077E}.Debug|x64.Build.0 = Debug|x64
		{5A559E54-B2E1-4E31-8830-8D5EC089077E}.Debug|x86.ActiveCfg = Debug|Win32
		{5A559E54-B2E1-4E31-8830-8D5EC089077E}.Debug|x86.Build.0 = Debug|Win32
		{5A559E54-B2E1-4E31-8830-8D5EC089077E}.Release|x64.ActiveCfg = Release|x64
		{5A559E54-B2E1-4E31-8830-8D5EC089077E}.Release|x64.Build.0 = Release|x64
		{5A559E54-B2E1-4E31-8830-8D5EC089077E}.Release|x86.ActiveCfg = Release|Win32
		{5A559E54-B2E1-4E31-8830-8D5EC089077E}.Release|x86.Build.0 = Release|Win32
		{2462149C-7409-4BA7-BACA-0FCE6733587D}.Debug|x64.ActiveCfg = Debug|x64
		{2462149C-7409-4BA7-BACA-0FCE6733587D}.Debug|x64.Build.0 = Debug|x64
		{2462149C-7409-4BA7-BACA-0FCE6733587D}.Debug|x86.ActiveCfg = Debug|Win32
		{2462149C-7409-4BA7-BACA-0FCE6733587D}.Debug|x86.Build.0 = Debug|Win32
		{2462149C-7409-4BA7-BACA-0FCE6733587D}.Release|x64.ActiveCfg = Release|x64
		{2462149C-7409-4BA7-BACA-0FCE6733587D}.Release|x64.Build.0 = Release|x64
		{2462149C-7409-4BA7-BACA-0FCE6733587D}.Release|x86.ActiveCfg = Release|Win32
		{2462149C-7409-4BA7-BACA-0FCE6733587D}.Release|x86.Build.0 = Release|Win32
		{6DCA4712-0D93-4D55-9867-A7A7739E60D2}.Debug|x64.ActiveCfg = Debug|x64
		{6DCA4712-0D93-4D55-9867-A7A7739E60D2}.Debug|x64.Build.0 = Debug|x64
		{6DCA4712-0D93-4D55-9867-A7A7739E60D2}.Debug|x86.ActiveCfg = Debug|Win32
		{6DCA4712-0D93-4D55-9867-A7A7739E60D2}.Debug|x86.Build.0 = Debug|Win32
		{6DCA4712-0D93-4D55-9867-A7A7739E60D2}.Release|x64.ActiveCfg = Release|x64
		{6DCA4712-0D93-4D55-9867-A7A7739E60D2}.Release|x64.Build.0 = Release|x64
		{6DCA4712-0D93-4D55-9867-A7A7739E60D2}.Release|x86.ActiveCfg = Release|Win32
		{6DCA4712-0D93-4D55-9867-A7A7739E60D2}.Release|x86.Build.0 = Release|Win32
		{CF7C6525-0DFA-486B-A091-5FD4B8B83276}.Debug|x64.ActiveCfg = Debug|x64
		{CF7C6525-0DFA-486B-A091-5FD4B8B83276}.Debug|x64.Build.0 = Debug|x64
		{CF7C6525-0DFA-486B-A091-5FD4B8B83276}.Debug|x86.ActiveCfg = Debug|Win32
		{CF7C6525-0DFA-486B-A091-5FD4B8B83276}.Debug|x86.Build.0 = Debug|Win32
		{CF7C6525-0DFA-486B-A091-5FD4B8B83276}.Release|x64.ActiveCfg = Release|x64
		{CF7C6525-0DFA-486B-A091-5FD4B8B83276}.Release|x64.Build.0 = Release|x64
		{CF7C6525-0DFA-486B-A091-5FD4B8B83276}.Release|x86.ActiveCfg = Release|Win32
		{CF7C6525-0DFA-486B-A091-5FD4B8B83276}.Release|x86.Build.0 = Release|Win32
		{162A1F02-A331-4682-87C4-45B396A5C889}.Debug|x64.ActiveCfg = Debug|x64
		{162A1F02-A331-4682-87C4-45B396A5C889}.Debug|x64.Build.0 = Debug|x64
		{162A1F02-A331-4682-87C4-45B396A5C889}.Debug|x86.ActiveCfg = Debug|Win32
		{162A1F02-A331-4682-87C4-45B396A5C889}.Debug|x86.Build.0 = Debug|Win32
		{162A1F02-A331-4682-87C4-45B396A5C889}.Release|x64.ActiveCfg = Release|x64
		{162A1F02-A331-4682-87C4-45B396A5C889}.Release|x64.Build.0 = Release|x64
		{162A1F02-A331-4682-87C4-45B396A5C889}.Release|x86.ActiveCfg = Release|Win32
		{162A1F02-A331-4682-87C4-45B396A5C889}.Release|x86.Build.0 = Release|Win32
		{CCE20D30-BF7A-461F-A096-92E3CAFAF1C5}.Debug|x64.ActiveCfg = Debug|x64
		{CCE20D30-BF7A-461F-A096-92E3CAFAF1C5}.Debug|x64.Build.0 = Debug|x64
		{CCE20D30-BF7A-461F-A096-92E3CAFAF1C5}.Debug|x86.ActiveCfg = Debug|Win32
		{CCE20D30-BF7A-461F-A096-92E3CAFAF1C5}.Debug|x86.Build.0 = Debug|Win32
		{CCE20D30-BF7A-461F-A096-92E3CAFAF1C5}.Release|x64.ActiveCfg = Release|x64
		{CCE20D30-BF7A-461F-A096-92E3CAFAF1C5}.Release|x64.Build.0 = Release|x64
		{CCE20D30-BF7A-461F-A096-92E3CAFAF1C5}.Release|x86.ActiveCfg = Release|Win32
		{CCE20D30-BF7A-461F-A096-92E3CAFAF1C5}.Release|x86.Build.0 = Release|Win32
		{1DBC1FFA-210E-4793-B800-533754B8135B}.Debug|x64.ActiveCfg = Debug|x64
		{1DBC1FFA-210E-4793-B800-533754B8135B}.Debug|x64.Build.0 = Debug|x64
		{1DBC1FFA-210E-4793-B800-533754B8135B}.Debug|x86.ActiveCfg = Debug|Win32
		{1DBC1FFA-210E-4793-B800-533754B8135B}.Debug|x86.Build.0 = Debug|Win32
		{1DBC1FFA-210E-4793-B800-533754B8135B}.Release|x64.ActiveCfg = Release|x64
		{1DBC1FFA-210E-4793-B800-533754B8135B}.Release|x64.Build.0 = Release|x64
		{1DBC1FFA-210E-4793-B800-533754B8135B}.Release|x86.ActiveCfg = Release|Win32
		{1DBC1FFA-210E-4793-B800-533754B8135B}.Release|x86.Build.0 = Release|Win32
		{B0CCD29E-29F9-491C-9CFA-FF4CF6DF5230}.Debug|x64.ActiveCfg = Debug|x64
		{B0CCD29E-29F9-491C-9CFA-FF4CF6DF5230}.Debug|x64.Build.0 = Debug|x64
		{B0CCD29E-29F9-491C-9CFA-FF4CF6DF5230}.Debug|x86.ActiveCfg = Debug|Win32
		{B0CCD29E-29F9-491C-9CFA-FF4CF6DF5230}.Debug|x86.Build.0 = Debug|Win32
		{B0CCD29E-29F9-491C-9CFA-FF4CF6DF5230}.Release|x64.ActiveCfg = Release|x64
		{B0CCD29E-29F9-491C-9CFA-FF4CF6DF5230}.Release|x64.Build.0 = Release|x64
		{B0CCD29E-29F9-491C-9CFA-FF4CF6DF5230}.Release|x86.ActiveCfg = Release|Win32
		{B0CCD29E-29F9-491C-9CFA-FF4CF6DF5230}.Release|x86.Build.0 = Release|Win32
		{313F9064-2C24-48FB-B575-11E9FDFFA834}.Debug|x64.ActiveCfg = Debug|x64
		{313F9064-2C24-48FB-B575-11E9FDFFA834}.Debug|x64.Build.0 = Debug|x64
		{313F9064-2C24-48FB-B575-11E9FDFFA834}.Debug|x86.ActiveCfg = Debug|Win32
		{313F9064-2C24-48FB-B575-11E9FDFFA834}.Debug|x86.Build.0 = Debug|Win32
		{313F9064-2C24-48FB-B575-11E9FDFFA834}.Release|x64.ActiveCfg = Release|x64
		{313F9064-2C24-48FB-B575-11E9FDFFA834}.Release|x64.Build.0 = Release|x64
		{313F9064-2C24-48FB-B575-11E9FDFFA834}.Release|x86.ActiveCfg = Release|Win32
		{313F9064-2C24-48FB-B575-11E9FDFFA834}.Release|x86.Build.0 = Release|Win32
		{18BCD834-65E9-4016-9633-530600E770F6}.Debug|x64.ActiveCfg = Debug|x64
		{18BCD834-65E9-4016-9633-530600E770F6}.Debug|x64.Build.0 = Debug|x64
		{18BCD834-65E9-4016-9633-530600E770F6}.Debug|x86.ActiveCfg = Debug|Win32
		{18BCD834-65E9-4016-9633-530600E770F6}.Debug|x86.Build.0 = Debug|Win32
		{18BCD834-65E9-4016-9633-530600E770F6}.Release|x64.ActiveCfg = Release|x64
		{18BCD834-65E9-4016-9633-530600E770F6}.Release|x64.Build.0 = Release|x64
		{18BCD834-65E9-4016-9633-530600E770F6}.Release|x86.ActiveCfg = Release|Win32
		{18BCD834-65E9-4016-9633-530600E770F6}.Release|x86.Build.0 = Release|Win32
		{7EB28CED-C1E9-4FB0-AF8F-77FC6C0A41E5}.Debug|x64.ActiveCfg = Debug|x64
		{7EB28CED-C1E9-4FB0-AF8F-77FC6C0A41E5}.Debug|x64.Build.0 = Debug|x64
		{7EB28CED-C1E9-4FB0-AF8F-77FC6C0A41E5}.Debug|x86.ActiveCfg = Debug|Win32
		{7EB28CED-C1E9-4FB0-AF8F-77FC6C0A41E5}.Debug|x86.Build.0 = Debug|Win32
		{7EB28CED-C1E9-4FB0-AF8F-77FC6C0A41E5}.Release|x64.ActiveCfg = Release|x64
		{7EB28CED-C1E9-4FB0-AF8F-77FC6C0A41E5}.Release|x64.Build.0 = Release|x64
		{7EB28CED-C1E9-4FB0-AF8F-77FC6C0A41E5}.Release|x86.ActiveCfg = Release|Win32
		{7EB28CED-C1E9-4FB0-AF8F-77FC6C0A41E5}.Release|x86.Build.0 = Release|Win32
		{45D2873F-EA16-4824-A2DC-C3C6564FC4DD}.Debug|x64.ActiveCfg = Debug|x64
		{45D2873F-EA16-4824-A2DC-C3C6564FC4DD}.Debug|x64.Build.0 = Debug|x64
		{45D2873F-EA16-4824-A2DC-C3C6564FC4DD}.Debug|x86.ActiveCfg = Debug|Win32
		{45D2873F-EA16-4824-A2DC-C3C6564FC4DD}.Debug|x86.Build.0 = Debug|Win32
		{45D2873F-EA16-4824-A2DC-C3C6564FC4DD}.Release|x64.ActiveCfg = Release|x64
		{45D2873F-EA16-4824-A2DC-C3C6564FC4DD}.Release|x64.Build.0 = Release|x64
		{45D2873F-EA16-4824-A2DC-C3C6564FC4DD}.Release|x86.ActiveCfg = Release|Win32
		{45D2873F-EA16-4824-A2DC-C3C6564FC4DD}.Release|x86.Build.0 = Release|Win32
		{6229D6DB-5098-46A9-9001-4F79E226EC05}.Debug|x64.ActiveCfg = Debug|x64
		{6229D6DB-5098-46A9-9001-4F79E226EC05}.Debug|x64.Build.0 = Debug|x64
		{6229D6DB-5098-46A9-9001-4F79E226EC05}.Debug|x86.ActiveCfg = Debug|Win32
		{6229D6DB-5098-46A9-9001-4F79E226EC05}.Debug|x86.Build.0 = Debug|Win32
		{6229D6DB-5098-46A9-9001-4F79E226EC05}.Release|x64.ActiveCfg = Release|x64
		{6229D6DB-5098-46A9-9001-4F79E226EC05}.Release|x64.Build.0 = Release|x64
		{6229D6DB-5098-46A9-9001-4F79E226EC05}.Release|x86.ActiveCfg = Release|Win32
		{6229D6DB-5098-46A9-9001-4F79E226EC05}.Release|x86.Build.0 = Release|Win32
	EndGlobalSection
	GlobalSection(SolutionProperties) = preSolution
		HideSolutionNode = FALSE
	EndGlobalSection
	GlobalSection(ExtensibilityGlobals) = postSolution
		SolutionGuid = {714E1022-3DDB-4AB4-B210-E6FEF7E8DABB}
	EndGlobalSection
EndGlobal
